
Microsoft Visual Studio Solution File, Format Version 12.00
# Visual Studio Version 17
VisualStudioVersion = 17.11.35303.130
MinimumVisualStudioVersion = 10.0.40219.1
Project("{9A19103F-16F7-4668-BE54-9A1E7A4F7556}") = "WebProjectServ", "WebProjectServ\WebProjectServ.csproj", "{6941A47A-8ACD-4214-8771-F6A25F0DF515}"
EndProject
Global
	GlobalSection(SolutionConfigurationPlatforms) = preSolution
		Debug|Any CPU = Debug|Any CPU
		Release|Any CPU = Release|Any CPU
	EndGlobalSection
	GlobalSection(ProjectConfigurationPlatforms) = postSolution
		{6941A47A-8ACD-4214-8771-F6A25F0DF515}.Debug|Any CPU.ActiveCfg = Debug|Any CPU
		{6941A47A-8ACD-4214-8771-F6A25F0DF515}.Debug|Any CPU.Build.0 = Debug|Any CPU
		{6941A47A-8ACD-4214-8771-F6A25F0DF515}.Release|Any CPU.ActiveCfg = Release|Any CPU
		{6941A47A-8ACD-4214-8771-F6A25F0DF515}.Release|Any CPU.Build.0 = Release|Any CPU
	EndGlobalSection
	GlobalSection(SolutionProperties) = preSolution
		HideSolutionNode = FALSE
	EndGlobalSection
	GlobalSection(ExtensibilityGlobals) = postSolution
		SolutionGuid = {3353922E-83E3-481F-8181-805A5E60F5D7}
	EndGlobalSection
EndGlobal
